
Microsoft Visual Studio Solution File, Format Version 12.00
# Visual Studio Version 17
VisualStudioVersion = 17.3.32804.467
MinimumVisualStudioVersion = 10.0.40219.1
Project("{FAE04EC0-301F-11D3-BF4B-00C04F79EFBC}") = "lr4_DK", "lr4_DK\lr4_DK.csproj", "{B15FCD8C-4C45-4643-8190-8A0D3ACCAA71}"
EndProject
Global
	GlobalSection(SolutionConfigurationPlatforms) = preSolution
		Debug|Any CPU = Debug|Any CPU
		Release|Any CPU = Release|Any CPU
	EndGlobalSection
	GlobalSection(ProjectConfigurationPlatforms) = postSolution
		{B15FCD8C-4C45-4643-8190-8A0D3ACCAA71}.Debug|Any CPU.ActiveCfg = Debug|Any CPU
		{B15FCD8C-4C45-4643-8190-8A0D3ACCAA71}.Debug|Any CPU.Build.0 = Debug|Any CPU
		{B15FCD8C-4C45-4643-8190-8A0D3ACCAA71}.Release|Any CPU.ActiveCfg = Release|Any CPU
		{B15FCD8C-4C45-4643-8190-8A0D3ACCAA71}.Release|Any CPU.Build.0 = Release|Any CPU
	EndGlobalSection
	GlobalSection(SolutionProperties) = preSolution
		HideSolutionNode = FALSE
	EndGlobalSection
	GlobalSection(ExtensibilityGlobals) = postSolution
		SolutionGuid = {95040BE4-5158-4B54-8E9B-8BF0CD270685}
	EndGlobalSection
EndGlobal
