
Microsoft Visual Studio Solution File, Format Version 12.00
# Visual Studio Version 17
VisualStudioVersion = 17.3.32804.467
MinimumVisualStudioVersion = 10.0.40219.1
Project("{FAE04EC0-301F-11D3-BF4B-00C04F79EFBC}") = "lr1", "lr1\lr1.csproj", "{90240AD7-6156-4F3B-A9E2-127796FAC059}"
EndProject
Global
	GlobalSection(SolutionConfigurationPlatforms) = preSolution
		Debug|Any CPU = Debug|Any CPU
		Release|Any CPU = Release|Any CPU
	EndGlobalSection
	GlobalSection(ProjectConfigurationPlatforms) = postSolution
		{90240AD7-6156-4F3B-A9E2-127796FAC059}.Debug|Any CPU.ActiveCfg = Debug|Any CPU
		{90240AD7-6156-4F3B-A9E2-127796FAC059}.Debug|Any CPU.Build.0 = Debug|Any CPU
		{90240AD7-6156-4F3B-A9E2-127796FAC059}.Release|Any CPU.ActiveCfg = Release|Any CPU
		{90240AD7-6156-4F3B-A9E2-127796FAC059}.Release|Any CPU.Build.0 = Release|Any CPU
	EndGlobalSection
	GlobalSection(SolutionProperties) = preSolution
		HideSolutionNode = FALSE
	EndGlobalSection
	GlobalSection(ExtensibilityGlobals) = postSolution
		SolutionGuid = {16CFFA9E-1C32-47EB-94EF-04907F371A05}
	EndGlobalSection
EndGlobal
